
Microsoft Visual Studio Solution File, Format Version 12.00
# Visual Studio Version 17
VisualStudioVersion = 17.8.34525.116
MinimumVisualStudioVersion = 10.0.40219.1
Project("{9A19103F-16F7-4668-BE54-9A1E7A4F7556}") = "Lab1", "RV\Lab1\Lab1.csproj", "{E1C34A5C-1B13-4957-9C01-C30BC8057EE2}"
EndProject
Project("{2150E333-8FDC-42A3-9474-1A3956D46DE8}") = "Lab1", "Lab1", "{FCB3C7CD-15E5-4B71-8485-B0ACE416C112}"
EndProject
Project("{9A19103F-16F7-4668-BE54-9A1E7A4F7556}") = "Lab2", "RV\Lab2\Lab2.csproj", "{28A291C8-DDCE-438E-909B-186E4CE2E1CA}"
EndProject
Project("{2150E333-8FDC-42A3-9474-1A3956D46DE8}") = "Lab2", "Lab2", "{CF4A4F3C-7C09-44A1-A8DF-900CC334727A}"
EndProject
Project("{2150E333-8FDC-42A3-9474-1A3956D46DE8}") = "Lab3", "Lab3", "{959A2670-4771-4D35-846A-9F8C1A00CF31}"
EndProject
Project("{9A19103F-16F7-4668-BE54-9A1E7A4F7556}") = "Lab3.Publisher", "RV\Lab3\Lab3.Publisher\Lab3.Publisher.csproj", "{B298CB5D-0CC7-4F9F-8D6D-B10C6EB44424}"
EndProject
Project("{9A19103F-16F7-4668-BE54-9A1E7A4F7556}") = "Lab3.Discussion", "RV\Lab3\Lab3.Discussion\Lab3.Discussion.csproj", "{9E6D404E-6296-4831-90BA-598FA70090B8}"
EndProject
Project("{2150E333-8FDC-42A3-9474-1A3956D46DE8}") = "Lab4", "Lab4", "{CAA5B9E2-3BFD-4B03-82F1-F37DB9FB6015}"
EndProject
Project("{9A19103F-16F7-4668-BE54-9A1E7A4F7556}") = "Lab4.Publisher", "RV\Lab4\Lab4.Publisher\Lab4.Publisher.csproj", "{E514AA88-D844-4C8A-88E8-940238DCBD04}"
EndProject
Project("{9A19103F-16F7-4668-BE54-9A1E7A4F7556}") = "Lab4.Discussion", "RV\Lab4\Lab4.Discussion\Lab4.Discussion.csproj", "{96E44DFD-C99D-4730-B4E1-4C7C0095108C}"
EndProject
Project("{9A19103F-16F7-4668-BE54-9A1E7A4F7556}") = "Lab4.Messaging", "RV\Lab4\Lab4.Messaging\Lab4.Messaging.csproj", "{66125C5D-D47D-4243-98C2-65B596995E22}"
EndProject
Project("{2150E333-8FDC-42A3-9474-1A3956D46DE8}") = "Lab5", "Lab5", "{C67F5305-9E5B-4F42-81F9-DBD547697B00}"
EndProject
Project("{9A19103F-16F7-4668-BE54-9A1E7A4F7556}") = "Lab5.Discussion", "RV\Lab5\Lab5.Discussion\Lab5.Discussion.csproj", "{C3B6190B-2473-4680-A231-5F71248F005C}"
EndProject
Project("{9A19103F-16F7-4668-BE54-9A1E7A4F7556}") = "Lab5.Messaging", "RV\Lab5\Lab5.Messaging\Lab5.Messaging.csproj", "{F5E14CD9-F110-4672-89AA-AAA37209D404}"
EndProject
Project("{9A19103F-16F7-4668-BE54-9A1E7A4F7556}") = "Lab5.Publisher", "RV\Lab5\Lab5.Publisher\Lab5.Publisher.csproj", "{D8C19B85-196D-414A-B1FA-90566DE99D3F}"
EndProject
Global
	GlobalSection(SolutionConfigurationPlatforms) = preSolution
		Debug|Any CPU = Debug|Any CPU
		Release|Any CPU = Release|Any CPU
	EndGlobalSection
	GlobalSection(ProjectConfigurationPlatforms) = postSolution
		{E1C34A5C-1B13-4957-9C01-C30BC8057EE2}.Debug|Any CPU.ActiveCfg = Debug|Any CPU
		{E1C34A5C-1B13-4957-9C01-C30BC8057EE2}.Debug|Any CPU.Build.0 = Debug|Any CPU
		{E1C34A5C-1B13-4957-9C01-C30BC8057EE2}.Release|Any CPU.ActiveCfg = Release|Any CPU
		{E1C34A5C-1B13-4957-9C01-C30BC8057EE2}.Release|Any CPU.Build.0 = Release|Any CPU
		{28A291C8-DDCE-438E-909B-186E4CE2E1CA}.Debug|Any CPU.ActiveCfg = Debug|Any CPU
		{28A291C8-DDCE-438E-909B-186E4CE2E1CA}.Debug|Any CPU.Build.0 = Debug|Any CPU
		{28A291C8-DDCE-438E-909B-186E4CE2E1CA}.Release|Any CPU.ActiveCfg = Release|Any CPU
		{28A291C8-DDCE-438E-909B-186E4CE2E1CA}.Release|Any CPU.Build.0 = Release|Any CPU
		{B298CB5D-0CC7-4F9F-8D6D-B10C6EB44424}.Debug|Any CPU.ActiveCfg = Debug|Any CPU
		{B298CB5D-0CC7-4F9F-8D6D-B10C6EB44424}.Debug|Any CPU.Build.0 = Debug|Any CPU
		{B298CB5D-0CC7-4F9F-8D6D-B10C6EB44424}.Release|Any CPU.ActiveCfg = Release|Any CPU
		{B298CB5D-0CC7-4F9F-8D6D-B10C6EB44424}.Release|Any CPU.Build.0 = Release|Any CPU
		{9E6D404E-6296-4831-90BA-598FA70090B8}.Debug|Any CPU.ActiveCfg = Debug|Any CPU
		{9E6D404E-6296-4831-90BA-598FA70090B8}.Debug|Any CPU.Build.0 = Debug|Any CPU
		{9E6D404E-6296-4831-90BA-598FA70090B8}.Release|Any CPU.ActiveCfg = Release|Any CPU
		{9E6D404E-6296-4831-90BA-598FA70090B8}.Release|Any CPU.Build.0 = Release|Any CPU
		{E514AA88-D844-4C8A-88E8-940238DCBD04}.Debug|Any CPU.ActiveCfg = Debug|Any CPU
		{E514AA88-D844-4C8A-88E8-940238DCBD04}.Debug|Any CPU.Build.0 = Debug|Any CPU
		{E514AA88-D844-4C8A-88E8-940238DCBD04}.Release|Any CPU.ActiveCfg = Release|Any CPU
		{E514AA88-D844-4C8A-88E8-940238DCBD04}.Release|Any CPU.Build.0 = Release|Any CPU
		{96E44DFD-C99D-4730-B4E1-4C7C0095108C}.Debug|Any CPU.ActiveCfg = Debug|Any CPU
		{96E44DFD-C99D-4730-B4E1-4C7C0095108C}.Debug|Any CPU.Build.0 = Debug|Any CPU
		{96E44DFD-C99D-4730-B4E1-4C7C0095108C}.Release|Any CPU.ActiveCfg = Release|Any CPU
		{96E44DFD-C99D-4730-B4E1-4C7C0095108C}.Release|Any CPU.Build.0 = Release|Any CPU
		{66125C5D-D47D-4243-98C2-65B596995E22}.Debug|Any CPU.ActiveCfg = Debug|Any CPU
		{66125C5D-D47D-4243-98C2-65B596995E22}.Debug|Any CPU.Build.0 = Debug|Any CPU
		{66125C5D-D47D-4243-98C2-65B596995E22}.Release|Any CPU.ActiveCfg = Release|Any CPU
		{66125C5D-D47D-4243-98C2-65B596995E22}.Release|Any CPU.Build.0 = Release|Any CPU
		{C3B6190B-2473-4680-A231-5F71248F005C}.Debug|Any CPU.ActiveCfg = Debug|Any CPU
		{C3B6190B-2473-4680-A231-5F71248F005C}.Debug|Any CPU.Build.0 = Debug|Any CPU
		{C3B6190B-2473-4680-A231-5F71248F005C}.Release|Any CPU.ActiveCfg = Release|Any CPU
		{C3B6190B-2473-4680-A231-5F71248F005C}.Release|Any CPU.Build.0 = Release|Any CPU
		{F5E14CD9-F110-4672-89AA-AAA37209D404}.Debug|Any CPU.ActiveCfg = Debug|Any CPU
		{F5E14CD9-F110-4672-89AA-AAA37209D404}.Debug|Any CPU.Build.0 = Debug|Any CPU
		{F5E14CD9-F110-4672-89AA-AAA37209D404}.Release|Any CPU.ActiveCfg = Release|Any CPU
		{F5E14CD9-F110-4672-89AA-AAA37209D404}.Release|Any CPU.Build.0 = Release|Any CPU
		{D8C19B85-196D-414A-B1FA-90566DE99D3F}.Debug|Any CPU.ActiveCfg = Debug|Any CPU
		{D8C19B85-196D-414A-B1FA-90566DE99D3F}.Debug|Any CPU.Build.0 = Debug|Any CPU
		{D8C19B85-196D-414A-B1FA-90566DE99D3F}.Release|Any CPU.ActiveCfg = Release|Any CPU
		{D8C19B85-196D-414A-B1FA-90566DE99D3F}.Release|Any CPU.Build.0 = Release|Any CPU
	EndGlobalSection
	GlobalSection(SolutionProperties) = preSolution
		HideSolutionNode = FALSE
	EndGlobalSection
	GlobalSection(NestedProjects) = preSolution
		{E1C34A5C-1B13-4957-9C01-C30BC8057EE2} = {FCB3C7CD-15E5-4B71-8485-B0ACE416C112}
		{28A291C8-DDCE-438E-909B-186E4CE2E1CA} = {CF4A4F3C-7C09-44A1-A8DF-900CC334727A}
		{B298CB5D-0CC7-4F9F-8D6D-B10C6EB44424} = {959A2670-4771-4D35-846A-9F8C1A00CF31}
		{9E6D404E-6296-4831-90BA-598FA70090B8} = {959A2670-4771-4D35-846A-9F8C1A00CF31}
		{E514AA88-D844-4C8A-88E8-940238DCBD04} = {CAA5B9E2-3BFD-4B03-82F1-F37DB9FB6015}
		{96E44DFD-C99D-4730-B4E1-4C7C0095108C} = {CAA5B9E2-3BFD-4B03-82F1-F37DB9FB6015}
		{66125C5D-D47D-4243-98C2-65B596995E22} = {CAA5B9E2-3BFD-4B03-82F1-F37DB9FB6015}
		{C3B6190B-2473-4680-A231-5F71248F005C} = {C67F5305-9E5B-4F42-81F9-DBD547697B00}
		{F5E14CD9-F110-4672-89AA-AAA37209D404} = {C67F5305-9E5B-4F42-81F9-DBD547697B00}
		{D8C19B85-196D-414A-B1FA-90566DE99D3F} = {C67F5305-9E5B-4F42-81F9-DBD547697B00}
	EndGlobalSection
	GlobalSection(ExtensibilityGlobals) = postSolution
		SolutionGuid = {8160F906-DEC8-4006-B03B-1E0ECC7872E6}
	EndGlobalSection
EndGlobal
