
Microsoft Visual Studio Solution File, Format Version 12.00
# Visual Studio Version 17
VisualStudioVersion = 17.9.34714.143
MinimumVisualStudioVersion = 10.0.40219.1
Project("{9A19103F-16F7-4668-BE54-9A1E7A4F7556}") = "WebApplicationDC1", "WebApplicationDC1\WebApplicationDC1.csproj", "{0F96D385-D897-40D1-8E03-0807F3CB9F51}"
EndProject
Project("{E53339B2-1760-4266-BCC7-CA923CBCF16C}") = "docker-compose", "docker-compose.dcproj", "{23BE4644-3763-4603-BE7E-F70375E62BDA}"
EndProject
Project("{FAE04EC0-301F-11D3-BF4B-00C04F79EFBC}") = "RestAPITests", "..\RestAPITests\RestAPITests.csproj", "{3BDB21AA-2DE6-4829-ACFE-27C5E92064C9}"
EndProject
Global
	GlobalSection(SolutionConfigurationPlatforms) = preSolution
		Debug|Any CPU = Debug|Any CPU
		Release|Any CPU = Release|Any CPU
	EndGlobalSection
	GlobalSection(ProjectConfigurationPlatforms) = postSolution
		{0F96D385-D897-40D1-8E03-0807F3CB9F51}.Debug|Any CPU.ActiveCfg = Debug|Any CPU
		{0F96D385-D897-40D1-8E03-0807F3CB9F51}.Debug|Any CPU.Build.0 = Debug|Any CPU
		{0F96D385-D897-40D1-8E03-0807F3CB9F51}.Release|Any CPU.ActiveCfg = Release|Any CPU
		{0F96D385-D897-40D1-8E03-0807F3CB9F51}.Release|Any CPU.Build.0 = Release|Any CPU
		{23BE4644-3763-4603-BE7E-F70375E62BDA}.Debug|Any CPU.ActiveCfg = Debug|Any CPU
		{23BE4644-3763-4603-BE7E-F70375E62BDA}.Debug|Any CPU.Build.0 = Debug|Any CPU
		{23BE4644-3763-4603-BE7E-F70375E62BDA}.Release|Any CPU.ActiveCfg = Release|Any CPU
		{23BE4644-3763-4603-BE7E-F70375E62BDA}.Release|Any CPU.Build.0 = Release|Any CPU
		{3BDB21AA-2DE6-4829-ACFE-27C5E92064C9}.Debug|Any CPU.ActiveCfg = Debug|Any CPU
		{3BDB21AA-2DE6-4829-ACFE-27C5E92064C9}.Debug|Any CPU.Build.0 = Debug|Any CPU
		{3BDB21AA-2DE6-4829-ACFE-27C5E92064C9}.Release|Any CPU.ActiveCfg = Release|Any CPU
		{3BDB21AA-2DE6-4829-ACFE-27C5E92064C9}.Release|Any CPU.Build.0 = Release|Any CPU
	EndGlobalSection
	GlobalSection(SolutionProperties) = preSolution
		HideSolutionNode = FALSE
	EndGlobalSection
	GlobalSection(ExtensibilityGlobals) = postSolution
		SolutionGuid = {D6C73015-C915-4B00-B33E-AD01F66D098D}
	EndGlobalSection
EndGlobal
