
Microsoft Visual Studio Solution File, Format Version 12.00
# Visual Studio Version 17
VisualStudioVersion = 17.8.34525.116
MinimumVisualStudioVersion = 10.0.40219.1
Project("{FAE04EC0-301F-11D3-BF4B-00C04F79EFBC}") = "DC", "DC\DC.csproj", "{E1C34A5C-1B13-4957-9C01-C30BC8057EE2}"
EndProject
Global
	GlobalSection(SolutionConfigurationPlatforms) = preSolution
		Debug|Any CPU = Debug|Any CPU
		Release|Any CPU = Release|Any CPU
	EndGlobalSection
	GlobalSection(ProjectConfigurationPlatforms) = postSolution
		{E1C34A5C-1B13-4957-9C01-C30BC8057EE2}.Debug|Any CPU.ActiveCfg = Debug|Any CPU
		{E1C34A5C-1B13-4957-9C01-C30BC8057EE2}.Debug|Any CPU.Build.0 = Debug|Any CPU
		{E1C34A5C-1B13-4957-9C01-C30BC8057EE2}.Release|Any CPU.ActiveCfg = Release|Any CPU
		{E1C34A5C-1B13-4957-9C01-C30BC8057EE2}.Release|Any CPU.Build.0 = Release|Any CPU
	EndGlobalSection
	GlobalSection(SolutionProperties) = preSolution
		HideSolutionNode = FALSE
	EndGlobalSection
	GlobalSection(ExtensibilityGlobals) = postSolution
		SolutionGuid = {8160F906-DEC8-4006-B03B-1E0ECC7872E6}
	EndGlobalSection
EndGlobal
