
Microsoft Visual Studio Solution File, Format Version 12.00
Project("{FAE04EC0-301F-11D3-BF4B-00C04F79EFBC}") = "Publisher", "src\Publisher\Publisher.csproj", "{D9918C5F-7452-4E4A-B3E8-51B93C9BDDA7}"
EndProject
Project("{2150E333-8FDC-42A3-9474-1A3956D46DE8}") = "src", "src", "{4AADF661-91B7-4819-81D6-3858A4ACFEC3}"
	ProjectSection(SolutionItems) = preProject
		src\docker\docker-compose.yml = src\docker\docker-compose.yml
	EndProjectSection
EndProject
Project("{FAE04EC0-301F-11D3-BF4B-00C04F79EFBC}") = "Discussion", "src\Discussion\Discussion.csproj", "{CEC9785C-59DC-4A8A-B09F-99B483AFC0FA}"
EndProject
Project("{FAE04EC0-301F-11D3-BF4B-00C04F79EFBC}") = "Tests.Publisher", "tests\Unit\Tests.Publisher\Tests.Publisher.csproj", "{BC04E5ED-F3D1-4548-908E-3597C5E75484}"
EndProject
Project("{2150E333-8FDC-42A3-9474-1A3956D46DE8}") = "tests", "tests", "{FA20276E-D560-4E21-82A6-0F65A94066CC}"
EndProject
Project("{2150E333-8FDC-42A3-9474-1A3956D46DE8}") = "Unit", "Unit", "{266808A5-CCE8-427F-A642-BEE444EE7B4C}"
EndProject
Project("{2150E333-8FDC-42A3-9474-1A3956D46DE8}") = "Integration", "Integration", "{8C705E11-E4EA-4E00-8221-A26A0F1026A5}"
EndProject
Project("{FAE04EC0-301F-11D3-BF4B-00C04F79EFBC}") = "Tests.Discussion", "tests\Unit\Tests.Discussion\Tests.Discussion.csproj", "{A6FFE658-18D5-420C-B596-F924950A6C5F}"
EndProject
Project("{FAE04EC0-301F-11D3-BF4B-00C04F79EFBC}") = "Tests.Discussion.Int", "tests\Integration\Tests.Discussion.Int\Tests.Discussion.Int.csproj", "{8A522E9F-EDBA-4ED6-9BFD-41E742A22EC3}"
EndProject
Project("{FAE04EC0-301F-11D3-BF4B-00C04F79EFBC}") = "Tests.Publisher.Int", "tests\Integration\Tests.Publisher.Int\Tests.Publisher.Int.csproj", "{6E1DB92A-EAB1-4702-9529-576C538E96BD}"
EndProject
Global
	GlobalSection(SolutionConfigurationPlatforms) = preSolution
		Debug|Any CPU = Debug|Any CPU
		Release|Any CPU = Release|Any CPU
	EndGlobalSection
	GlobalSection(ProjectConfigurationPlatforms) = postSolution
		{D9918C5F-7452-4E4A-B3E8-51B93C9BDDA7}.Debug|Any CPU.ActiveCfg = Debug|Any CPU
		{D9918C5F-7452-4E4A-B3E8-51B93C9BDDA7}.Debug|Any CPU.Build.0 = Debug|Any CPU
		{D9918C5F-7452-4E4A-B3E8-51B93C9BDDA7}.Release|Any CPU.ActiveCfg = Release|Any CPU
		{D9918C5F-7452-4E4A-B3E8-51B93C9BDDA7}.Release|Any CPU.Build.0 = Release|Any CPU
		{CEC9785C-59DC-4A8A-B09F-99B483AFC0FA}.Debug|Any CPU.ActiveCfg = Debug|Any CPU
		{CEC9785C-59DC-4A8A-B09F-99B483AFC0FA}.Debug|Any CPU.Build.0 = Debug|Any CPU
		{CEC9785C-59DC-4A8A-B09F-99B483AFC0FA}.Release|Any CPU.ActiveCfg = Release|Any CPU
		{CEC9785C-59DC-4A8A-B09F-99B483AFC0FA}.Release|Any CPU.Build.0 = Release|Any CPU
		{BC04E5ED-F3D1-4548-908E-3597C5E75484}.Debug|Any CPU.ActiveCfg = Debug|Any CPU
		{BC04E5ED-F3D1-4548-908E-3597C5E75484}.Debug|Any CPU.Build.0 = Debug|Any CPU
		{BC04E5ED-F3D1-4548-908E-3597C5E75484}.Release|Any CPU.ActiveCfg = Release|Any CPU
		{BC04E5ED-F3D1-4548-908E-3597C5E75484}.Release|Any CPU.Build.0 = Release|Any CPU
		{A6FFE658-18D5-420C-B596-F924950A6C5F}.Debug|Any CPU.ActiveCfg = Debug|Any CPU
		{A6FFE658-18D5-420C-B596-F924950A6C5F}.Debug|Any CPU.Build.0 = Debug|Any CPU
		{A6FFE658-18D5-420C-B596-F924950A6C5F}.Release|Any CPU.ActiveCfg = Release|Any CPU
		{A6FFE658-18D5-420C-B596-F924950A6C5F}.Release|Any CPU.Build.0 = Release|Any CPU
		{8A522E9F-EDBA-4ED6-9BFD-41E742A22EC3}.Debug|Any CPU.ActiveCfg = Debug|Any CPU
		{8A522E9F-EDBA-4ED6-9BFD-41E742A22EC3}.Debug|Any CPU.Build.0 = Debug|Any CPU
		{8A522E9F-EDBA-4ED6-9BFD-41E742A22EC3}.Release|Any CPU.ActiveCfg = Release|Any CPU
		{8A522E9F-EDBA-4ED6-9BFD-41E742A22EC3}.Release|Any CPU.Build.0 = Release|Any CPU
		{6E1DB92A-EAB1-4702-9529-576C538E96BD}.Debug|Any CPU.ActiveCfg = Debug|Any CPU
		{6E1DB92A-EAB1-4702-9529-576C538E96BD}.Debug|Any CPU.Build.0 = Debug|Any CPU
		{6E1DB92A-EAB1-4702-9529-576C538E96BD}.Release|Any CPU.ActiveCfg = Release|Any CPU
		{6E1DB92A-EAB1-4702-9529-576C538E96BD}.Release|Any CPU.Build.0 = Release|Any CPU
	EndGlobalSection
	GlobalSection(NestedProjects) = preSolution
		{D9918C5F-7452-4E4A-B3E8-51B93C9BDDA7} = {4AADF661-91B7-4819-81D6-3858A4ACFEC3}
		{CEC9785C-59DC-4A8A-B09F-99B483AFC0FA} = {4AADF661-91B7-4819-81D6-3858A4ACFEC3}
		{266808A5-CCE8-427F-A642-BEE444EE7B4C} = {FA20276E-D560-4E21-82A6-0F65A94066CC}
		{8C705E11-E4EA-4E00-8221-A26A0F1026A5} = {FA20276E-D560-4E21-82A6-0F65A94066CC}
		{BC04E5ED-F3D1-4548-908E-3597C5E75484} = {266808A5-CCE8-427F-A642-BEE444EE7B4C}
		{A6FFE658-18D5-420C-B596-F924950A6C5F} = {266808A5-CCE8-427F-A642-BEE444EE7B4C}
		{8A522E9F-EDBA-4ED6-9BFD-41E742A22EC3} = {8C705E11-E4EA-4E00-8221-A26A0F1026A5}
		{6E1DB92A-EAB1-4702-9529-576C538E96BD} = {8C705E11-E4EA-4E00-8221-A26A0F1026A5}
	EndGlobalSection
EndGlobal
