
Microsoft Visual Studio Solution File, Format Version 12.00
Project("{FAE04EC0-301F-11D3-BF4B-00C04F79EFBC}") = "Module.Publisher", "Module.Publisher\Module.Publisher.csproj", "{04EA2DD9-CC28-47ED-B60D-3C98FBD9BC86}"
EndProject
Project("{FAE04EC0-301F-11D3-BF4B-00C04F79EFBC}") = "Module.Discussion", "Module.Discussion\Module.Discussion.csproj", "{02C5A338-DB9E-498D-9A2F-1BFD545394D1}"
EndProject
Project("{FAE04EC0-301F-11D3-BF4B-00C04F79EFBC}") = "TaskKafka.AppHost", "TaskKafka\TaskKafka.AppHost\TaskKafka.AppHost.csproj", "{E7EC6B37-5B83-41CD-98B8-E8A645EF5464}"
EndProject
Project("{FAE04EC0-301F-11D3-BF4B-00C04F79EFBC}") = "TaskKafka.ServiceDefaults", "TaskKafka\TaskKafka.ServiceDefaults\TaskKafka.ServiceDefaults.csproj", "{68DE0D91-5135-4A8D-B160-CC6990FA0958}"
EndProject
Global
	GlobalSection(SolutionConfigurationPlatforms) = preSolution
		Debug|Any CPU = Debug|Any CPU
		Release|Any CPU = Release|Any CPU
	EndGlobalSection
	GlobalSection(ProjectConfigurationPlatforms) = postSolution
		{04EA2DD9-CC28-47ED-B60D-3C98FBD9BC86}.Debug|Any CPU.ActiveCfg = Debug|Any CPU
		{04EA2DD9-CC28-47ED-B60D-3C98FBD9BC86}.Debug|Any CPU.Build.0 = Debug|Any CPU
		{04EA2DD9-CC28-47ED-B60D-3C98FBD9BC86}.Release|Any CPU.ActiveCfg = Release|Any CPU
		{04EA2DD9-CC28-47ED-B60D-3C98FBD9BC86}.Release|Any CPU.Build.0 = Release|Any CPU
		{02C5A338-DB9E-498D-9A2F-1BFD545394D1}.Debug|Any CPU.ActiveCfg = Debug|Any CPU
		{02C5A338-DB9E-498D-9A2F-1BFD545394D1}.Debug|Any CPU.Build.0 = Debug|Any CPU
		{02C5A338-DB9E-498D-9A2F-1BFD545394D1}.Release|Any CPU.ActiveCfg = Release|Any CPU
		{02C5A338-DB9E-498D-9A2F-1BFD545394D1}.Release|Any CPU.Build.0 = Release|Any CPU
		{E7EC6B37-5B83-41CD-98B8-E8A645EF5464}.Debug|Any CPU.ActiveCfg = Debug|Any CPU
		{E7EC6B37-5B83-41CD-98B8-E8A645EF5464}.Debug|Any CPU.Build.0 = Debug|Any CPU
		{E7EC6B37-5B83-41CD-98B8-E8A645EF5464}.Release|Any CPU.ActiveCfg = Release|Any CPU
		{E7EC6B37-5B83-41CD-98B8-E8A645EF5464}.Release|Any CPU.Build.0 = Release|Any CPU
		{68DE0D91-5135-4A8D-B160-CC6990FA0958}.Debug|Any CPU.ActiveCfg = Debug|Any CPU
		{68DE0D91-5135-4A8D-B160-CC6990FA0958}.Debug|Any CPU.Build.0 = Debug|Any CPU
		{68DE0D91-5135-4A8D-B160-CC6990FA0958}.Release|Any CPU.ActiveCfg = Release|Any CPU
		{68DE0D91-5135-4A8D-B160-CC6990FA0958}.Release|Any CPU.Build.0 = Release|Any CPU
	EndGlobalSection
EndGlobal
