
Microsoft Visual Studio Solution File, Format Version 12.00
Project("{FAE04EC0-301F-11D3-BF4B-00C04F79EFBC}") = "src\REST", "src\REST\REST.csproj", "{486025B5-A0B8-4902-82F7-3419BC36CDA4}"
EndProject
Project("{FAE04EC0-301F-11D3-BF4B-00C04F79EFBC}") = "tests\REST.UnitTests", "tests\REST.UnitTests\REST.UnitTests.csproj", "{98A86F50-44B9-4CC2-8BE7-6B0C3B2C42F1}"
EndProject
Project("{2150E333-8FDC-42A3-9474-1A3956D46DE8}") = "tests", "tests", "{9DC34E99-A045-4876-B5EA-2B9773E99597}"
EndProject
Project("{FAE04EC0-301F-11D3-BF4B-00C04F79EFBC}") = "tests\REST.IntegrationTests", "tests\REST.IntegrationTests\REST.IntegrationTests.csproj", "{15151A55-585B-4320-9035-2CF7A78EB712}"
EndProject
Project("{2150E333-8FDC-42A3-9474-1A3956D46DE8}") = "src", "src", "{DCC09E74-34E7-417B-BC72-22D9B22DCDF6}"
EndProject
Global
	GlobalSection(SolutionConfigurationPlatforms) = preSolution
		Debug|Any CPU = Debug|Any CPU
		Release|Any CPU = Release|Any CPU
	EndGlobalSection
	GlobalSection(ProjectConfigurationPlatforms) = postSolution
		{486025B5-A0B8-4902-82F7-3419BC36CDA4}.Debug|Any CPU.ActiveCfg = Debug|Any CPU
		{486025B5-A0B8-4902-82F7-3419BC36CDA4}.Debug|Any CPU.Build.0 = Debug|Any CPU
		{486025B5-A0B8-4902-82F7-3419BC36CDA4}.Release|Any CPU.ActiveCfg = Release|Any CPU
		{486025B5-A0B8-4902-82F7-3419BC36CDA4}.Release|Any CPU.Build.0 = Release|Any CPU
		{98A86F50-44B9-4CC2-8BE7-6B0C3B2C42F1}.Debug|Any CPU.ActiveCfg = Debug|Any CPU
		{98A86F50-44B9-4CC2-8BE7-6B0C3B2C42F1}.Debug|Any CPU.Build.0 = Debug|Any CPU
		{98A86F50-44B9-4CC2-8BE7-6B0C3B2C42F1}.Release|Any CPU.ActiveCfg = Release|Any CPU
		{98A86F50-44B9-4CC2-8BE7-6B0C3B2C42F1}.Release|Any CPU.Build.0 = Release|Any CPU
		{15151A55-585B-4320-9035-2CF7A78EB712}.Debug|Any CPU.ActiveCfg = Debug|Any CPU
		{15151A55-585B-4320-9035-2CF7A78EB712}.Debug|Any CPU.Build.0 = Debug|Any CPU
		{15151A55-585B-4320-9035-2CF7A78EB712}.Release|Any CPU.ActiveCfg = Release|Any CPU
		{15151A55-585B-4320-9035-2CF7A78EB712}.Release|Any CPU.Build.0 = Release|Any CPU
	EndGlobalSection
	GlobalSection(NestedProjects) = preSolution
		{98A86F50-44B9-4CC2-8BE7-6B0C3B2C42F1} = {9DC34E99-A045-4876-B5EA-2B9773E99597}
		{15151A55-585B-4320-9035-2CF7A78EB712} = {9DC34E99-A045-4876-B5EA-2B9773E99597}
		{486025B5-A0B8-4902-82F7-3419BC36CDA4} = {DCC09E74-34E7-417B-BC72-22D9B22DCDF6}
	EndGlobalSection
EndGlobal
