Microsoft Visual Studio Solution File, Format Version 12.00
# Visual Studio Version 17
VisualStudioVersion = 17.8.0.0
MinimumVisualStudioVersion = 17.8.0.0
Project("{9A19103F-16F7-4668-BE54-9A1E7A4F7556}") = "TaskNoSQL.AppHost", "TaskNoSQL.AppHost\TaskNoSQL.AppHost.csproj", "{2EEDDF07-4966-4A61-B993-0C9C2B33530B}"
EndProject
Project("{9A19103F-16F7-4668-BE54-9A1E7A4F7556}") = "TaskNoSQL.ServiceDefaults", "TaskNoSQL.ServiceDefaults\TaskNoSQL.ServiceDefaults.csproj", "{52D4F907-1F8C-4B96-98B0-F8E18F1BC615}"
EndProject
Global
	GlobalSection(SolutionConfigurationPlatforms) = preSolution
		Debug|Any CPU = Debug|Any CPU
		Release|Any CPU = Release|Any CPU
	EndGlobalSection
	GlobalSection(ProjectConfigurationPlatforms) = postSolution
		{2EEDDF07-4966-4A61-B993-0C9C2B33530B}.Debug|Any CPU.ActiveCfg = Debug|Any CPU
		{2EEDDF07-4966-4A61-B993-0C9C2B33530B}.Debug|Any CPU.Build.0 = Debug|Any CPU
		{2EEDDF07-4966-4A61-B993-0C9C2B33530B}.Release|Any CPU.ActiveCfg = Release|Any CPU
		{2EEDDF07-4966-4A61-B993-0C9C2B33530B}.Release|Any CPU.Build.0 = Release|Any CPU
		{52D4F907-1F8C-4B96-98B0-F8E18F1BC615}.Debug|Any CPU.ActiveCfg = Debug|Any CPU
		{52D4F907-1F8C-4B96-98B0-F8E18F1BC615}.Debug|Any CPU.Build.0 = Debug|Any CPU
		{52D4F907-1F8C-4B96-98B0-F8E18F1BC615}.Release|Any CPU.ActiveCfg = Release|Any CPU
		{52D4F907-1F8C-4B96-98B0-F8E18F1BC615}.Release|Any CPU.Build.0 = Release|Any CPU
	EndGlobalSection
	GlobalSection(SolutionProperties) = preSolution
		HideSolutionNode = FALSE
	EndGlobalSection
	GlobalSection(ExtensibilityGlobals) = postSolution
		SolutionGuid = {A72470F1-C684-4D82-85DB-159E09BDFD4E}
	EndGlobalSection
EndGlobal
